
Microsoft Visual Studio Solution File, Format Version 12.00
# Visual Studio 15
VisualStudioVersion = 15.0.26124.0
MinimumVisualStudioVersion = 15.0.26124.0
Project("{FAE04EC0-301F-11D3-BF4B-00C04F79EFBC}") = "Core", "Wizard.Core\Wizard.Core.csproj", "{A2897500-46F1-4388-A8AD-908323F29C74}"
EndProject
Project("{FAE04EC0-301F-11D3-BF4B-00C04F79EFBC}") = "WebAPI", "Wizard.WebAPI\WebAPI.csproj", "{CA53E7F5-110B-44B5-ABF8-2A10F0D25750}"
EndProject
Project("{FAE04EC0-301F-11D3-BF4B-00C04F79EFBC}") = "Wizard.Infrastructure.Database", "Wizard.Infrastructure.Database\Wizard.Infrastructure.Database.csproj", "{4E6854A3-C686-4D0C-AE8E-9DA7E42F76BD}"
EndProject
Project("{FAE04EC0-301F-11D3-BF4B-00C04F79EFBC}") = "Wizard.Identity", "Wizard.Identity\Wizard.Identity.csproj", "{BD6BBC3D-1AA1-4180-BFE8-4149710C46FA}"
EndProject
Project("{FAE04EC0-301F-11D3-BF4B-00C04F79EFBC}") = "Wizard.Identity.Database", "Wizard.Identity.Database\Wizard.Identity.Database.csproj", "{6AF62801-9194-4DE8-B502-E0896E7A1694}"
EndProject
Global
	GlobalSection(SolutionConfigurationPlatforms) = preSolution
		Debug|Any CPU = Debug|Any CPU
		Debug|x64 = Debug|x64
		Debug|x86 = Debug|x86
		Release|Any CPU = Release|Any CPU
		Release|x64 = Release|x64
		Release|x86 = Release|x86
	EndGlobalSection
	GlobalSection(SolutionProperties) = preSolution
		HideSolutionNode = FALSE
	EndGlobalSection
	GlobalSection(ProjectConfigurationPlatforms) = postSolution
		{A2897500-46F1-4388-A8AD-908323F29C74}.Debug|Any CPU.ActiveCfg = Debug|Any CPU
		{A2897500-46F1-4388-A8AD-908323F29C74}.Debug|Any CPU.Build.0 = Debug|Any CPU
		{A2897500-46F1-4388-A8AD-908323F29C74}.Debug|x64.ActiveCfg = Debug|Any CPU
		{A2897500-46F1-4388-A8AD-908323F29C74}.Debug|x64.Build.0 = Debug|Any CPU
		{A2897500-46F1-4388-A8AD-908323F29C74}.Debug|x86.ActiveCfg = Debug|Any CPU
		{A2897500-46F1-4388-A8AD-908323F29C74}.Debug|x86.Build.0 = Debug|Any CPU
		{A2897500-46F1-4388-A8AD-908323F29C74}.Release|Any CPU.ActiveCfg = Release|Any CPU
		{A2897500-46F1-4388-A8AD-908323F29C74}.Release|Any CPU.Build.0 = Release|Any CPU
		{A2897500-46F1-4388-A8AD-908323F29C74}.Release|x64.ActiveCfg = Release|Any CPU
		{A2897500-46F1-4388-A8AD-908323F29C74}.Release|x64.Build.0 = Release|Any CPU
		{A2897500-46F1-4388-A8AD-908323F29C74}.Release|x86.ActiveCfg = Release|Any CPU
		{A2897500-46F1-4388-A8AD-908323F29C74}.Release|x86.Build.0 = Release|Any CPU
		{CA53E7F5-110B-44B5-ABF8-2A10F0D25750}.Debug|Any CPU.ActiveCfg = Debug|Any CPU
		{CA53E7F5-110B-44B5-ABF8-2A10F0D25750}.Debug|Any CPU.Build.0 = Debug|Any CPU
		{CA53E7F5-110B-44B5-ABF8-2A10F0D25750}.Debug|x64.ActiveCfg = Debug|Any CPU
		{CA53E7F5-110B-44B5-ABF8-2A10F0D25750}.Debug|x64.Build.0 = Debug|Any CPU
		{CA53E7F5-110B-44B5-ABF8-2A10F0D25750}.Debug|x86.ActiveCfg = Debug|Any CPU
		{CA53E7F5-110B-44B5-ABF8-2A10F0D25750}.Debug|x86.Build.0 = Debug|Any CPU
		{CA53E7F5-110B-44B5-ABF8-2A10F0D25750}.Release|Any CPU.ActiveCfg = Release|Any CPU
		{CA53E7F5-110B-44B5-ABF8-2A10F0D25750}.Release|Any CPU.Build.0 = Release|Any CPU
		{CA53E7F5-110B-44B5-ABF8-2A10F0D25750}.Release|x64.ActiveCfg = Release|Any CPU
		{CA53E7F5-110B-44B5-ABF8-2A10F0D25750}.Release|x64.Build.0 = Release|Any CPU
		{CA53E7F5-110B-44B5-ABF8-2A10F0D25750}.Release|x86.ActiveCfg = Release|Any CPU
		{CA53E7F5-110B-44B5-ABF8-2A10F0D25750}.Release|x86.Build.0 = Release|Any CPU
		{CCEC2CC0-F7B0-4C3F-A731-138B57F77062}.Debug|Any CPU.ActiveCfg = Debug|Any CPU
		{CCEC2CC0-F7B0-4C3F-A731-138B57F77062}.Debug|Any CPU.Build.0 = Debug|Any CPU
		{CCEC2CC0-F7B0-4C3F-A731-138B57F77062}.Debug|x64.ActiveCfg = Debug|Any CPU
		{CCEC2CC0-F7B0-4C3F-A731-138B57F77062}.Debug|x64.Build.0 = Debug|Any CPU
		{CCEC2CC0-F7B0-4C3F-A731-138B57F77062}.Debug|x86.ActiveCfg = Debug|Any CPU
		{CCEC2CC0-F7B0-4C3F-A731-138B57F77062}.Debug|x86.Build.0 = Debug|Any CPU
		{CCEC2CC0-F7B0-4C3F-A731-138B57F77062}.Release|Any CPU.ActiveCfg = Release|Any CPU
		{CCEC2CC0-F7B0-4C3F-A731-138B57F77062}.Release|Any CPU.Build.0 = Release|Any CPU
		{CCEC2CC0-F7B0-4C3F-A731-138B57F77062}.Release|x64.ActiveCfg = Release|Any CPU
		{CCEC2CC0-F7B0-4C3F-A731-138B57F77062}.Release|x64.Build.0 = Release|Any CPU
		{CCEC2CC0-F7B0-4C3F-A731-138B57F77062}.Release|x86.ActiveCfg = Release|Any CPU
		{CCEC2CC0-F7B0-4C3F-A731-138B57F77062}.Release|x86.Build.0 = Release|Any CPU
		{4E6854A3-C686-4D0C-AE8E-9DA7E42F76BD}.Debug|Any CPU.ActiveCfg = Debug|Any CPU
		{4E6854A3-C686-4D0C-AE8E-9DA7E42F76BD}.Debug|Any CPU.Build.0 = Debug|Any CPU
		{4E6854A3-C686-4D0C-AE8E-9DA7E42F76BD}.Debug|x64.ActiveCfg = Debug|Any CPU
		{4E6854A3-C686-4D0C-AE8E-9DA7E42F76BD}.Debug|x64.Build.0 = Debug|Any CPU
		{4E6854A3-C686-4D0C-AE8E-9DA7E42F76BD}.Debug|x86.ActiveCfg = Debug|Any CPU
		{4E6854A3-C686-4D0C-AE8E-9DA7E42F76BD}.Debug|x86.Build.0 = Debug|Any CPU
		{4E6854A3-C686-4D0C-AE8E-9DA7E42F76BD}.Release|Any CPU.ActiveCfg = Release|Any CPU
		{4E6854A3-C686-4D0C-AE8E-9DA7E42F76BD}.Release|Any CPU.Build.0 = Release|Any CPU
		{4E6854A3-C686-4D0C-AE8E-9DA7E42F76BD}.Release|x64.ActiveCfg = Release|Any CPU
		{4E6854A3-C686-4D0C-AE8E-9DA7E42F76BD}.Release|x64.Build.0 = Release|Any CPU
		{4E6854A3-C686-4D0C-AE8E-9DA7E42F76BD}.Release|x86.ActiveCfg = Release|Any CPU
		{4E6854A3-C686-4D0C-AE8E-9DA7E42F76BD}.Release|x86.Build.0 = Release|Any CPU
		{BD6BBC3D-1AA1-4180-BFE8-4149710C46FA}.Debug|Any CPU.ActiveCfg = Debug|Any CPU
		{BD6BBC3D-1AA1-4180-BFE8-4149710C46FA}.Debug|Any CPU.Build.0 = Debug|Any CPU
		{BD6BBC3D-1AA1-4180-BFE8-4149710C46FA}.Debug|x64.ActiveCfg = Debug|Any CPU
		{BD6BBC3D-1AA1-4180-BFE8-4149710C46FA}.Debug|x64.Build.0 = Debug|Any CPU
		{BD6BBC3D-1AA1-4180-BFE8-4149710C46FA}.Debug|x86.ActiveCfg = Debug|Any CPU
		{BD6BBC3D-1AA1-4180-BFE8-4149710C46FA}.Debug|x86.Build.0 = Debug|Any CPU
		{BD6BBC3D-1AA1-4180-BFE8-4149710C46FA}.Release|Any CPU.ActiveCfg = Release|Any CPU
		{BD6BBC3D-1AA1-4180-BFE8-4149710C46FA}.Release|Any CPU.Build.0 = Release|Any CPU
		{BD6BBC3D-1AA1-4180-BFE8-4149710C46FA}.Release|x64.ActiveCfg = Release|Any CPU
		{BD6BBC3D-1AA1-4180-BFE8-4149710C46FA}.Release|x64.Build.0 = Release|Any CPU
		{BD6BBC3D-1AA1-4180-BFE8-4149710C46FA}.Release|x86.ActiveCfg = Release|Any CPU
		{BD6BBC3D-1AA1-4180-BFE8-4149710C46FA}.Release|x86.Build.0 = Release|Any CPU
		{6AF62801-9194-4DE8-B502-E0896E7A1694}.Debug|Any CPU.ActiveCfg = Debug|Any CPU
		{6AF62801-9194-4DE8-B502-E0896E7A1694}.Debug|Any CPU.Build.0 = Debug|Any CPU
		{6AF62801-9194-4DE8-B502-E0896E7A1694}.Debug|x64.ActiveCfg = Debug|Any CPU
		{6AF62801-9194-4DE8-B502-E0896E7A1694}.Debug|x64.Build.0 = Debug|Any CPU
		{6AF62801-9194-4DE8-B502-E0896E7A1694}.Debug|x86.ActiveCfg = Debug|Any CPU
		{6AF62801-9194-4DE8-B502-E0896E7A1694}.Debug|x86.Build.0 = Debug|Any CPU
		{6AF62801-9194-4DE8-B502-E0896E7A1694}.Release|Any CPU.ActiveCfg = Release|Any CPU
		{6AF62801-9194-4DE8-B502-E0896E7A1694}.Release|Any CPU.Build.0 = Release|Any CPU
		{6AF62801-9194-4DE8-B502-E0896E7A1694}.Release|x64.ActiveCfg = Release|Any CPU
		{6AF62801-9194-4DE8-B502-E0896E7A1694}.Release|x64.Build.0 = Release|Any CPU
		{6AF62801-9194-4DE8-B502-E0896E7A1694}.Release|x86.ActiveCfg = Release|Any CPU
		{6AF62801-9194-4DE8-B502-E0896E7A1694}.Release|x86.Build.0 = Release|Any CPU
		{74A90C24-C4AC-488A-B0E0-BF3FE1603409}.Debug|Any CPU.ActiveCfg = Debug|Any CPU
		{74A90C24-C4AC-488A-B0E0-BF3FE1603409}.Debug|Any CPU.Build.0 = Debug|Any CPU
		{74A90C24-C4AC-488A-B0E0-BF3FE1603409}.Debug|x64.ActiveCfg = Debug|Any CPU
		{74A90C24-C4AC-488A-B0E0-BF3FE1603409}.Debug|x64.Build.0 = Debug|Any CPU
		{74A90C24-C4AC-488A-B0E0-BF3FE1603409}.Debug|x86.ActiveCfg = Debug|Any CPU
		{74A90C24-C4AC-488A-B0E0-BF3FE1603409}.Debug|x86.Build.0 = Debug|Any CPU
		{74A90C24-C4AC-488A-B0E0-BF3FE1603409}.Release|Any CPU.ActiveCfg = Release|Any CPU
		{74A90C24-C4AC-488A-B0E0-BF3FE1603409}.Release|Any CPU.Build.0 = Release|Any CPU
		{74A90C24-C4AC-488A-B0E0-BF3FE1603409}.Release|x64.ActiveCfg = Release|Any CPU
		{74A90C24-C4AC-488A-B0E0-BF3FE1603409}.Release|x64.Build.0 = Release|Any CPU
		{74A90C24-C4AC-488A-B0E0-BF3FE1603409}.Release|x86.ActiveCfg = Release|Any CPU
		{74A90C24-C4AC-488A-B0E0-BF3FE1603409}.Release|x86.Build.0 = Release|Any CPU
	EndGlobalSection
EndGlobal
